{
  "name": "iexec-hello-world-iapp",
  "version": "0.0.1",
  "lockfileVersion": 3,
  "requires": true,
  "packages": {
    "": {
      "name": "iexec-hello-world-iapp",
      "version": "0.0.1",
      "dependencies": {
        "@iexec/dataprotector-deserializer": "^0.1.1",
        "@zama-fhe/relayer-sdk": "^0.2.0",
        "dotenv": "^17.2.3",
        "ethers": "^6.15.0",
        "fhevmjs": "^0.6.2",
        "figlet": "^1.8.1",
        "openai": "^6.5.0"
      }
    },
    "node_modules/@adraffy/ens-normalize": {
      "version": "1.10.1",
      "resolved": "https://registry.npmjs.org/@adraffy/ens-normalize/-/ens-normalize-1.10.1.tgz",
      "integrity": "sha512-96Z2IP3mYmF1Xg2cDm8f1gWGf/HUVedQ3FMifV4kG/PQ4yEP51xDtRAEfhVNt5f/uzpNkZHwWQuUcu6D6K+Ekw==",
      "license": "MIT"
    },
    "node_modules/@iexec/dataprotector-deserializer": {
      "version": "0.1.1",
      "resolved": "https://registry.npmjs.org/@iexec/dataprotector-deserializer/-/dataprotector-deserializer-0.1.1.tgz",
      "integrity": "sha512-CSz1JWnslm2X3gjL1cx/qqovnmvJSFWDyJMw0ZGvqnYnNatgIqHn+Aky2iO4K0HsArfqmgV3ySIpdPfu/N2M0w==",
      "dependencies": {
        "borsh": "^2.0.0",
        "jszip": "^3.10.1"
      }
    },
    "node_modules/@noble/curves": {
      "version": "1.2.0",
      "resolved": "https://registry.npmjs.org/@noble/curves/-/curves-1.2.0.tgz",
      "integrity": "sha512-oYclrNgRaM9SsBUBVbb8M6DTV7ZHRTKugureoYEncY5c65HOmRzvSiTE3y5CYaPYJA/GVkrhXEoF0M3Ya9PMnw==",
      "license": "MIT",
      "dependencies": {
        "@noble/hashes": "1.3.2"
      },
      "funding": {
        "url": "https://paulmillr.com/funding/"
      }
    },
    "node_modules/@noble/hashes": {
      "version": "1.3.2",
      "resolved": "https://registry.npmjs.org/@noble/hashes/-/hashes-1.3.2.tgz",
      "integrity": "sha512-MVC8EAQp7MvEcm30KWENFjgR+Mkmf+D189XJTkFIlwohU5hcBbn1ZkKq7KVTi2Hme3PMGF390DaL52beVrIihQ==",
      "license": "MIT",
      "engines": {
        "node": ">= 16"
      },
      "funding": {
        "url": "https://paulmillr.com/funding/"
      }
    },
    "node_modules/@types/glob-to-regexp": {
      "version": "0.4.4",
      "resolved": "https://registry.npmjs.org/@types/glob-to-regexp/-/glob-to-regexp-0.4.4.tgz",
      "integrity": "sha512-nDKoaKJYbnn1MZxUY0cA1bPmmgZbg0cTq7Rh13d0KWYNOiKbqoR+2d89SnRPszGh7ROzSwZ/GOjZ4jPbmmZ6Eg==",
      "license": "MIT"
    },
    "node_modules/@types/node": {
      "version": "22.7.5",
      "resolved": "https://registry.npmjs.org/@types/node/-/node-22.7.5.tgz",
      "integrity": "sha512-jML7s2NAzMWc//QSJ1a3prpk78cOPchGvXJsC3C6R6PSMoooztvRVQEz89gmBTBY1SPMaqo5teB4uNHPdetShQ==",
      "license": "MIT",
      "dependencies": {
        "undici-types": "~6.19.2"
      }
    },
    "node_modules/@zama-fhe/relayer-sdk": {
      "version": "0.2.0",
      "resolved": "https://registry.npmjs.org/@zama-fhe/relayer-sdk/-/relayer-sdk-0.2.0.tgz",
      "integrity": "sha512-phgpQgqdpIDYKihNdBt3JQtvkKjZpG5a2l+bwh5JJvvUuLG1jkoHbd1LGWvtxd7rF54TIAyupIEIMM0C1Qj1xw==",
      "license": "BSD-3-Clause-Clear",
      "dependencies": {
        "commander": "^14.0.0",
        "ethers": "^6.15.0",
        "fetch-retry": "^6.0.0",
        "keccak": "^3.0.4",
        "node-tfhe": "1.3.0",
        "node-tkms": "^0.11.0",
        "tfhe": "1.3.0",
        "tkms": "^0.11.0",
        "wasm-feature-detect": "^1.8.0"
      },
      "bin": {
        "relayer": "bin/relayer.js"
      },
      "engines": {
        "node": ">=20"
      }
    },
    "node_modules/@zama-fhe/relayer-sdk/node_modules/commander": {
      "version": "14.0.1",
      "resolved": "https://registry.npmjs.org/commander/-/commander-14.0.1.tgz",
      "integrity": "sha512-2JkV3gUZUVrbNA+1sjBOYLsMZ5cEEl8GTFP2a4AVz5hvasAMCQ1D2l2le/cX+pV4N6ZU17zjUahLpIXRrnWL8A==",
      "license": "MIT",
      "engines": {
        "node": ">=20"
      }
    },
    "node_modules/@zama-fhe/relayer-sdk/node_modules/node-tfhe": {
      "version": "1.3.0",
      "resolved": "https://registry.npmjs.org/node-tfhe/-/node-tfhe-1.3.0.tgz",
      "integrity": "sha512-BhqHFH1sFp9bziPfar2MqtZI1NT+fsqt6w+q6l1bUFn7ENTwGbjZqZIPGuPKxgnWF6iqMhwVG5IYpKpAwil6oA==",
      "license": "BSD-3-Clause-Clear"
    },
    "node_modules/@zama-fhe/relayer-sdk/node_modules/node-tkms": {
      "version": "0.11.1",
      "resolved": "https://registry.npmjs.org/node-tkms/-/node-tkms-0.11.1.tgz",
      "integrity": "sha512-AWciFzfvjEYECHiAJXv1KLz6K28fX/0DDlaktAbslF2XpaIGsc9sCKjYPJHubrJfNrtUWUI5qfqhJOP3BD/mcw==",
      "license": "BSD-3-Clause-Clear"
    },
    "node_modules/@zama-fhe/relayer-sdk/node_modules/tfhe": {
      "version": "1.3.0",
      "resolved": "https://registry.npmjs.org/tfhe/-/tfhe-1.3.0.tgz",
      "integrity": "sha512-SYySiMB/hCPJmy3K8RliVYCN4mV/p5+EJozaYfXTS0UEl3aS+1b71XqGfI1KDucYHelVS1iWgF7+uO2wNqQQ/g==",
      "license": "BSD-3-Clause-Clear"
    },
    "node_modules/@zama-fhe/relayer-sdk/node_modules/tkms": {
      "version": "0.11.1",
      "resolved": "https://registry.npmjs.org/tkms/-/tkms-0.11.1.tgz",
      "integrity": "sha512-FNpnwZKsUUMs0q4aAwZatpw7fz1UBG9cdh3LZYgWYN3rvouS+v4zysB642dG8J35KgNF6WCFAzTyRKagdL8x7g==",
      "license": "BSD-3-Clause-Clear"
    },
    "node_modules/aes-js": {
      "version": "4.0.0-beta.5",
      "resolved": "https://registry.npmjs.org/aes-js/-/aes-js-4.0.0-beta.5.tgz",
      "integrity": "sha512-G965FqalsNyrPqgEGON7nIx1e/OVENSgiEIzyC63haUMuvNnwIgIjMs52hlTCKhkBny7A2ORNlfY9Zu+jmGk1Q==",
      "license": "MIT"
    },
    "node_modules/bigint-buffer": {
      "version": "1.1.5",
      "resolved": "https://registry.npmjs.org/bigint-buffer/-/bigint-buffer-1.1.5.tgz",
      "integrity": "sha512-trfYco6AoZ+rKhKnxA0hgX0HAbVP/s808/EuDSe2JDzUnCp/xAsli35Orvk67UrTEcwuxZqYZDmfA2RXJgxVvA==",
      "hasInstallScript": true,
      "license": "Apache-2.0",
      "dependencies": {
        "bindings": "^1.3.0"
      },
      "engines": {
        "node": ">= 10.0.0"
      }
    },
    "node_modules/bindings": {
      "version": "1.5.0",
      "resolved": "https://registry.npmjs.org/bindings/-/bindings-1.5.0.tgz",
      "integrity": "sha512-p2q/t/mhvuOj/UeLlV6566GD/guowlr0hHxClI0W9m7MWYkL1F0hLo+0Aexs9HSPCtR1SXQ0TD3MMKrXZajbiQ==",
      "license": "MIT",
      "dependencies": {
        "file-uri-to-path": "1.0.0"
      }
    },
    "node_modules/borsh": {
      "version": "2.0.0",
      "resolved": "https://registry.npmjs.org/borsh/-/borsh-2.0.0.tgz",
      "integrity": "sha512-kc9+BgR3zz9+cjbwM8ODoUB4fs3X3I5A/HtX7LZKxCLaMrEeDFoBpnhZY//DTS1VZBSs6S5v46RZRbZjRFspEg=="
    },
    "node_modules/commander": {
      "version": "11.1.0",
      "resolved": "https://registry.npmjs.org/commander/-/commander-11.1.0.tgz",
      "integrity": "sha512-yPVavfyCcRhmorC7rWlkHn15b4wDVgVmBA7kV4QVBsF7kv/9TKJAbAXVTxvTnwP8HHKjRCJDClKbciiYS7p0DQ==",
      "license": "MIT",
      "engines": {
        "node": ">=16"
      }
    },
    "node_modules/core-util-is": {
      "version": "1.0.3",
      "resolved": "https://registry.npmjs.org/core-util-is/-/core-util-is-1.0.3.tgz",
      "integrity": "sha512-ZQBvi1DcpJ4GDqanjucZ2Hj3wEO5pZDS89BWbkcrvdxksJorwUDDZamX9ldFkp9aw2lmBDLgkObEA4DWNJ9FYQ=="
    },
    "node_modules/dequal": {
      "version": "2.0.3",
      "resolved": "https://registry.npmjs.org/dequal/-/dequal-2.0.3.tgz",
      "integrity": "sha512-0je+qPKHEMohvfRTCEo3CrPG6cAzAYgmzKyxRiYSSDkS6eGJdyVJm7WaYA5ECaAD9wLB2T4EEeymA5aFVcYXCA==",
      "license": "MIT",
      "engines": {
        "node": ">=6"
      }
    },
    "node_modules/dotenv": {
      "version": "17.2.3",
      "resolved": "https://registry.npmjs.org/dotenv/-/dotenv-17.2.3.tgz",
      "integrity": "sha512-JVUnt+DUIzu87TABbhPmNfVdBDt18BLOWjMUFJMSi/Qqg7NTYtabbvSNJGOJ7afbRuv9D/lngizHtP7QyLQ+9w==",
      "license": "BSD-2-Clause",
      "engines": {
        "node": ">=12"
      },
      "funding": {
        "url": "https://dotenvx.com"
      }
    },
    "node_modules/ethers": {
      "version": "6.15.0",
      "resolved": "https://registry.npmjs.org/ethers/-/ethers-6.15.0.tgz",
      "integrity": "sha512-Kf/3ZW54L4UT0pZtsY/rf+EkBU7Qi5nnhonjUb8yTXcxH3cdcWrV2cRyk0Xk/4jK6OoHhxxZHriyhje20If2hQ==",
      "funding": [
        {
          "type": "individual",
          "url": "https://github.com/sponsors/ethers-io/"
        },
        {
          "type": "individual",
          "url": "https://www.buymeacoffee.com/ricmoo"
        }
      ],
      "license": "MIT",
      "dependencies": {
        "@adraffy/ens-normalize": "1.10.1",
        "@noble/curves": "1.2.0",
        "@noble/hashes": "1.3.2",
        "@types/node": "22.7.5",
        "aes-js": "4.0.0-beta.5",
        "tslib": "2.7.0",
        "ws": "8.17.1"
      },
      "engines": {
        "node": ">=14.0.0"
      }
    },
    "node_modules/ethers/node_modules/ws": {
      "version": "8.17.1",
      "resolved": "https://registry.npmjs.org/ws/-/ws-8.17.1.tgz",
      "integrity": "sha512-6XQFvXTkbfUOZOKKILFG1PDK2NDQs4azKQl26T0YS5CxqWLgXajbPZ+h4gZekJyRqFU8pvnbAbbs/3TgRPy+GQ==",
      "license": "MIT",
      "engines": {
        "node": ">=10.0.0"
      },
      "peerDependencies": {
        "bufferutil": "^4.0.1",
        "utf-8-validate": ">=5.0.2"
      },
      "peerDependenciesMeta": {
        "bufferutil": {
          "optional": true
        },
        "utf-8-validate": {
          "optional": true
        }
      }
    },
    "node_modules/fetch-mock": {
      "version": "11.1.5",
      "resolved": "https://registry.npmjs.org/fetch-mock/-/fetch-mock-11.1.5.tgz",
      "integrity": "sha512-KHmZDnZ1ry0pCTrX4YG5DtThHi0MH+GNI9caESnzX/nMJBrvppUHMvLx47M0WY9oAtKOMiPfZDRpxhlHg89BOA==",
      "license": "MIT",
      "dependencies": {
        "@types/glob-to-regexp": "^0.4.4",
        "dequal": "^2.0.3",
        "glob-to-regexp": "^0.4.1",
        "is-subset": "^0.1.1",
        "regexparam": "^3.0.0"
      },
      "engines": {
        "node": ">=8.0.0"
      },
      "peerDependenciesMeta": {
        "node-fetch": {
          "optional": true
        }
      }
    },
    "node_modules/fetch-retry": {
      "version": "6.0.0",
      "resolved": "https://registry.npmjs.org/fetch-retry/-/fetch-retry-6.0.0.tgz",
      "integrity": "sha512-BUFj1aMubgib37I3v4q78fYo63Po7t4HUPTpQ6/QE6yK6cIQrP+W43FYToeTEyg5m2Y7eFUtijUuAv/PDlWuag==",
      "license": "MIT"
    },
    "node_modules/fhevmjs": {
      "version": "0.6.2",
      "resolved": "https://registry.npmjs.org/fhevmjs/-/fhevmjs-0.6.2.tgz",
      "integrity": "sha512-Kiq59DiqusavaCft8AzSVF2G92ZrNyf3u2dmu3zqlOxK5TGXAIY7PNICrV4xvT+pVxiAF88auNP+tH/dFqx1iA==",
      "deprecated": "Deprecated: use @zama-fhe/relayer-sdk instead.",
      "license": "BSD-3-Clause-Clear",
      "dependencies": {
        "bigint-buffer": "^1.1.5",
        "commander": "^11.0.0",
        "fetch-mock": "^11.1.3",
        "keccak": "^3.0.4",
        "node-tfhe": "^0.9.1",
        "node-tkms": "^0.9.0",
        "tfhe": "^0.9.1",
        "tkms": "^0.9.0",
        "wasm-feature-detect": "^1.8.0"
      },
      "bin": {
        "fhevm": "bin/fhevm.js"
      },
      "engines": {
        "node": ">=20"
      }
    },
    "node_modules/figlet": {
      "version": "1.8.1",
      "resolved": "https://registry.npmjs.org/figlet/-/figlet-1.8.1.tgz",
      "integrity": "sha512-kEC3Sme+YvA8Hkibv0NR1oClGcWia0VB2fC1SlMy027cwe795Xx40Xiv/nw/iFAwQLupymWh+uhAAErn/7hwPg==",
      "license": "MIT",
      "bin": {
        "figlet": "bin/index.js"
      },
      "engines": {
        "node": ">= 0.4.0"
      }
    },
    "node_modules/file-uri-to-path": {
      "version": "1.0.0",
      "resolved": "https://registry.npmjs.org/file-uri-to-path/-/file-uri-to-path-1.0.0.tgz",
      "integrity": "sha512-0Zt+s3L7Vf1biwWZ29aARiVYLx7iMGnEUl9x33fbB/j3jR81u/O2LbqK+Bm1CDSNDKVtJ/YjwY7TUd5SkeLQLw==",
      "license": "MIT"
    },
    "node_modules/glob-to-regexp": {
      "version": "0.4.1",
      "resolved": "https://registry.npmjs.org/glob-to-regexp/-/glob-to-regexp-0.4.1.tgz",
      "integrity": "sha512-lkX1HJXwyMcprw/5YUZc2s7DrpAiHB21/V+E1rHUrVNokkvB6bqMzT0VfV6/86ZNabt1k14YOIaT7nDvOX3Iiw==",
      "license": "BSD-2-Clause"
    },
    "node_modules/immediate": {
      "version": "3.0.6",
      "resolved": "https://registry.npmjs.org/immediate/-/immediate-3.0.6.tgz",
      "integrity": "sha512-XXOFtyqDjNDAQxVfYxuF7g9Il/IbWmmlQg2MYKOH8ExIT1qg6xc4zyS3HaEEATgs1btfzxq15ciUiY7gjSXRGQ=="
    },
    "node_modules/inherits": {
      "version": "2.0.4",
      "resolved": "https://registry.npmjs.org/inherits/-/inherits-2.0.4.tgz",
      "integrity": "sha512-k/vGaX4/Yla3WzyMCvTQOXYeIHvqOKtnqBduzTHpzpQZzAskKMhZ2K+EnBiSM9zGSoIFeMpXKxa4dYeZIQqewQ=="
    },
    "node_modules/is-subset": {
      "version": "0.1.1",
      "resolved": "https://registry.npmjs.org/is-subset/-/is-subset-0.1.1.tgz",
      "integrity": "sha512-6Ybun0IkarhmEqxXCNw/C0bna6Zb/TkfUX9UbwJtK6ObwAVCxmAP308WWTHviM/zAqXk05cdhYsUsZeGQh99iw==",
      "license": "MIT"
    },
    "node_modules/isarray": {
      "version": "1.0.0",
      "resolved": "https://registry.npmjs.org/isarray/-/isarray-1.0.0.tgz",
      "integrity": "sha512-VLghIWNM6ELQzo7zwmcg0NmTVyWKYjvIeM83yjp0wRDTmUnrM678fQbcKBo6n2CJEF0szoG//ytg+TKla89ALQ=="
    },
    "node_modules/jszip": {
      "version": "3.10.1",
      "resolved": "https://registry.npmjs.org/jszip/-/jszip-3.10.1.tgz",
      "integrity": "sha512-xXDvecyTpGLrqFrvkrUSoxxfJI5AH7U8zxxtVclpsUtMCq4JQ290LY8AW5c7Ggnr/Y/oK+bQMbqK2qmtk3pN4g==",
      "dependencies": {
        "lie": "~3.3.0",
        "pako": "~1.0.2",
        "readable-stream": "~2.3.6",
        "setimmediate": "^1.0.5"
      }
    },
    "node_modules/keccak": {
      "version": "3.0.4",
      "resolved": "https://registry.npmjs.org/keccak/-/keccak-3.0.4.tgz",
      "integrity": "sha512-3vKuW0jV8J3XNTzvfyicFR5qvxrSAGl7KIhvgOu5cmWwM7tZRj3fMbj/pfIf4be7aznbc+prBWGjywox/g2Y6Q==",
      "hasInstallScript": true,
      "license": "MIT",
      "dependencies": {
        "node-addon-api": "^2.0.0",
        "node-gyp-build": "^4.2.0",
        "readable-stream": "^3.6.0"
      },
      "engines": {
        "node": ">=10.0.0"
      }
    },
    "node_modules/keccak/node_modules/readable-stream": {
      "version": "3.6.2",
      "resolved": "https://registry.npmjs.org/readable-stream/-/readable-stream-3.6.2.tgz",
      "integrity": "sha512-9u/sniCrY3D5WdsERHzHE4G2YCXqoG5FTHUiCC4SIbr6XcLZBY05ya9EKjYek9O5xOAwjGq+1JdGBAS7Q9ScoA==",
      "license": "MIT",
      "dependencies": {
        "inherits": "^2.0.3",
        "string_decoder": "^1.1.1",
        "util-deprecate": "^1.0.1"
      },
      "engines": {
        "node": ">= 6"
      }
    },
    "node_modules/lie": {
      "version": "3.3.0",
      "resolved": "https://registry.npmjs.org/lie/-/lie-3.3.0.tgz",
      "integrity": "sha512-UaiMJzeWRlEujzAuw5LokY1L5ecNQYZKfmyZ9L7wDHb/p5etKaxXhohBcrw0EYby+G/NA52vRSN4N39dxHAIwQ==",
      "dependencies": {
        "immediate": "~3.0.5"
      }
    },
    "node_modules/node-addon-api": {
      "version": "2.0.2",
      "resolved": "https://registry.npmjs.org/node-addon-api/-/node-addon-api-2.0.2.tgz",
      "integrity": "sha512-Ntyt4AIXyaLIuMHF6IOoTakB3K+RWxwtsHNRxllEoA6vPwP9o4866g6YWDLUdnucilZhmkxiHwHr11gAENw+QA==",
      "license": "MIT"
    },
    "node_modules/node-gyp-build": {
      "version": "4.8.4",
      "resolved": "https://registry.npmjs.org/node-gyp-build/-/node-gyp-build-4.8.4.tgz",
      "integrity": "sha512-LA4ZjwlnUblHVgq0oBF3Jl/6h/Nvs5fzBLwdEF4nuxnFdsfajde4WfxtJr3CaiH+F6ewcIB/q4jQ4UzPyid+CQ==",
      "license": "MIT",
      "bin": {
        "node-gyp-build": "bin.js",
        "node-gyp-build-optional": "optional.js",
        "node-gyp-build-test": "build-test.js"
      }
    },
    "node_modules/node-tfhe": {
      "version": "0.9.1",
      "resolved": "https://registry.npmjs.org/node-tfhe/-/node-tfhe-0.9.1.tgz",
      "integrity": "sha512-M2CbUVX4DQneaaK/4fygy9lW0zjOOzM8yGWAgbKGRt/Gd07zaloFEGGHW7dbmUaHo022q1uo7nzxyYhe4UgqCw==",
      "license": "BSD-3-Clause-Clear"
    },
    "node_modules/node-tkms": {
      "version": "0.9.0",
      "resolved": "https://registry.npmjs.org/node-tkms/-/node-tkms-0.9.0.tgz",
      "integrity": "sha512-ulhV23okeMW3WYnxzhvf9u87tcXqe64JqUFlvdgu64uKteG8re+zwOjzkOdxvF0xSWQbMtEU96dvcrvQM10PEg==",
      "license": "BSD-3-Clause-Clear"
    },
    "node_modules/openai": {
      "version": "6.5.0",
      "resolved": "https://registry.npmjs.org/openai/-/openai-6.5.0.tgz",
      "integrity": "sha512-bNqJ15Ijbs41KuJ2iYz/mGAruFHzQQt7zXo4EvjNLoB64aJdgn1jlMeDTsXjEg+idVYafg57QB/5Rd16oqvZ6A==",
      "license": "Apache-2.0",
      "bin": {
        "openai": "bin/cli"
      },
      "peerDependencies": {
        "ws": "^8.18.0",
        "zod": "^3.25 || ^4.0"
      },
      "peerDependenciesMeta": {
        "ws": {
          "optional": true
        },
        "zod": {
          "optional": true
        }
      }
    },
    "node_modules/pako": {
      "version": "1.0.11",
      "resolved": "https://registry.npmjs.org/pako/-/pako-1.0.11.tgz",
      "integrity": "sha512-4hLB8Py4zZce5s4yd9XzopqwVv/yGNhV1Bl8NTmCq1763HeK2+EwVTv+leGeL13Dnh2wfbqowVPXCIO0z4taYw=="
    },
    "node_modules/process-nextick-args": {
      "version": "2.0.1",
      "resolved": "https://registry.npmjs.org/process-nextick-args/-/process-nextick-args-2.0.1.tgz",
      "integrity": "sha512-3ouUOpQhtgrbOa17J7+uxOTpITYWaGP7/AhoR3+A+/1e9skrzelGi/dXzEYyvbxubEF6Wn2ypscTKiKJFFn1ag=="
    },
    "node_modules/readable-stream": {
      "version": "2.3.8",
      "resolved": "https://registry.npmjs.org/readable-stream/-/readable-stream-2.3.8.tgz",
      "integrity": "sha512-8p0AUk4XODgIewSi0l8Epjs+EVnWiK7NoDIEGU0HhE7+ZyY8D1IMY7odu5lRrFXGg71L15KG8QrPmum45RTtdA==",
      "dependencies": {
        "core-util-is": "~1.0.0",
        "inherits": "~2.0.3",
        "isarray": "~1.0.0",
        "process-nextick-args": "~2.0.0",
        "safe-buffer": "~5.1.1",
        "string_decoder": "~1.1.1",
        "util-deprecate": "~1.0.1"
      }
    },
    "node_modules/regexparam": {
      "version": "3.0.0",
      "resolved": "https://registry.npmjs.org/regexparam/-/regexparam-3.0.0.tgz",
      "integrity": "sha512-RSYAtP31mvYLkAHrOlh25pCNQ5hWnT106VukGaaFfuJrZFkGRX5GhUAdPqpSDXxOhA2c4akmRuplv1mRqnBn6Q==",
      "license": "MIT",
      "engines": {
        "node": ">=8"
      }
    },
    "node_modules/safe-buffer": {
      "version": "5.1.2",
      "resolved": "https://registry.npmjs.org/safe-buffer/-/safe-buffer-5.1.2.tgz",
      "integrity": "sha512-Gd2UZBJDkXlY7GbJxfsE8/nvKkUEU1G38c1siN6QP6a9PT9MmHB8GnpscSmMJSoF8LOIrt8ud/wPtojys4G6+g=="
    },
    "node_modules/setimmediate": {
      "version": "1.0.5",
      "resolved": "https://registry.npmjs.org/setimmediate/-/setimmediate-1.0.5.tgz",
      "integrity": "sha512-MATJdZp8sLqDl/68LfQmbP8zKPLQNV6BIZoIgrscFDQ+RsvK/BxeDQOgyxKKoh0y/8h3BqVFnCqQ/gd+reiIXA=="
    },
    "node_modules/string_decoder": {
      "version": "1.1.1",
      "resolved": "https://registry.npmjs.org/string_decoder/-/string_decoder-1.1.1.tgz",
      "integrity": "sha512-n/ShnvDi6FHbbVfviro+WojiFzv+s8MPMHBczVePfUpDJLwoLT0ht1l4YwBCbi8pJAveEEdnkHyPyTP/mzRfwg==",
      "dependencies": {
        "safe-buffer": "~5.1.0"
      }
    },
    "node_modules/tfhe": {
      "version": "0.9.1",
      "resolved": "https://registry.npmjs.org/tfhe/-/tfhe-0.9.1.tgz",
      "integrity": "sha512-kmtl7KfCCZJaFhm9lUYsTtat+yT0qzOiO6bOidM2Pt7/7jptkbS2/myeGHxb9qi2/aJ30g2joo1euKZPa207tg==",
      "license": "BSD-3-Clause-Clear"
    },
    "node_modules/tkms": {
      "version": "0.9.0",
      "resolved": "https://registry.npmjs.org/tkms/-/tkms-0.9.0.tgz",
      "integrity": "sha512-dSzorTHvIXTYZtn6ACV/iz0GhO/kMRjqGbo3o7JJ3GNbFhsPzbIEtAQ/x+h9nJdwn//VRdsStnOAE0fxUVIGrQ==",
      "license": "BSD-3-Clause-Clear"
    },
    "node_modules/tslib": {
      "version": "2.7.0",
      "resolved": "https://registry.npmjs.org/tslib/-/tslib-2.7.0.tgz",
      "integrity": "sha512-gLXCKdN1/j47AiHiOkJN69hJmcbGTHI0ImLmbYLHykhgeN0jVGola9yVjFgzCUklsZQMW55o+dW7IXv3RCXDzA==",
      "license": "0BSD"
    },
    "node_modules/undici-types": {
      "version": "6.19.8",
      "resolved": "https://registry.npmjs.org/undici-types/-/undici-types-6.19.8.tgz",
      "integrity": "sha512-ve2KP6f/JnbPBFyobGHuerC9g1FYGn/F8n1LWTwNxCEzd6IfqTwUQcNXgEtmmQ6DlRrC1hrSrBnCZPokRrDHjw==",
      "license": "MIT"
    },
    "node_modules/util-deprecate": {
      "version": "1.0.2",
      "resolved": "https://registry.npmjs.org/util-deprecate/-/util-deprecate-1.0.2.tgz",
      "integrity": "sha512-EPD5q1uXyFxJpCrLnCc1nHnq3gOa6DZBocAIiI2TaSCA7VCJ1UJDMagCzIkXNsUYfD1daK//LTEQ8xiIbrHtcw=="
    },
    "node_modules/wasm-feature-detect": {
      "version": "1.8.0",
      "resolved": "https://registry.npmjs.org/wasm-feature-detect/-/wasm-feature-detect-1.8.0.tgz",
      "integrity": "sha512-zksaLKM2fVlnB5jQQDqKXXwYHLQUVH9es+5TOOHwGOVJOCeRBCiPjwSg+3tN2AdTCzjgli4jijCH290kXb/zWQ==",
      "license": "Apache-2.0"
    }
  }
}
